# This file was autogenerated by Stack.
# You should not edit this file by hand.
# For more information, please see the documentation at:
#   https://docs.haskellstack.org/en/stable/topics/lock_files

packages:
- completed:
    hackage: crypto-token-0.1.2@sha256:3798fddf45be68a3be1d06102f24dd2a867c60526381f946f0e99d1f8eb5657b,1225
    pantry-tree:
      sha256: 2866ead709b103d524a1891fd1bf702633530317bad1a31805e6d8c657c0b286
      size: 320
  original:
    hackage: crypto-token-0.1.2
- completed:
    hackage: crypton-1.0.4@sha256:353391cc2cc583cf5e44c35c46b7a548a218037f2249c40a9712e00d7c46580c,14513
    pantry-tree:
      sha256: 275775d597bdde3cc1be614eb868ffc94a437f66e6e0ba964171035581d921d0
      size: 23346
  original:
    hackage: crypton-1.0.4
- completed:
    hackage: crypton-x509-1.7.7@sha256:89e227a3ded52d46c65fcc4e9b17a15d39e9f4252faa61cf9a89a3ef30f13722,2355
    pantry-tree:
      sha256: b7396ef100c1a44533c94f97ba9539a22eff4114cfea6d4e4138ac2cd91bc48b
      size: 1080
  original:
    hackage: crypton-x509-1.7.7
- completed:
    hackage: crypton-x509-store-1.6.11@sha256:a63ac57598a448b302672e1ccabd3fc44c15723b27453121e562ca7853d79209,1825
    pantry-tree:
      sha256: 8255eea18005d3d73bb638c66953b92b288de996868802b26a58111c3729f91a
      size: 406
  original:
    hackage: crypton-x509-store-1.6.11
- completed:
    hackage: crypton-x509-system-1.6.7@sha256:023ed573d82983bc473a37a89e0434a085b413be9f68d07e085361056afd4637,1532
    pantry-tree:
      sha256: c0ca49e6a9537f3fdb7b47c5cfe93f7d744a369bf9d089f3c668b9c2d97402b7
      size: 399
  original:
    hackage: crypton-x509-system-1.6.7
- completed:
    hackage: crypton-x509-validation-1.6.13@sha256:515ac86a434527fde24af611fa7d690eee7c7f06b27a6d48337b7552caa215c1,2310
    pantry-tree:
      sha256: 4d369d88c6ca7b58952f84678fe45a25715f5e413f21ebbf132b7ac07203c643
      size: 639
  original:
    hackage: crypton-x509-validation-1.6.13
- completed:
    hackage: ech-config-0.0.1@sha256:2b3eaf49d7b94bd4abdbdc1725419f1167dffe3e771a324fb0a55f438cd105cd,1388
    pantry-tree:
      sha256: 8e9dc0e9495fdb6513a13a23150dcceda38c4afbdeb3d81c504155ce88293b17
      size: 283
  original:
    hackage: ech-config-0.0.1
- completed:
    hackage: hashable-1.4.7.0@sha256:573f3ab242f75465a0d67ce9d84202650a1606575e6dbd6d31ffcf4767a9a379,6629
    pantry-tree:
      sha256: 9ec168505c52fa389b7447a1251b302e32537adeecac88c2aa72beed53beb3bd
      size: 1578
  original:
    hackage: hashable-1.4.7.0
- completed:
    hackage: hpke-0.0.0@sha256:d04ff5eb9cdb9385ed9ad9db7e05ddf457af37cedaa3cee83f58c93e0d16364d,1882
    pantry-tree:
      sha256: b33e3243a47f913d9737997f7b0d16d64cc6c4815aa26268f0c66688e8b25070
      size: 1320
  original:
    hackage: hpke-0.0.0
- completed:
    hackage: http-semantics-0.4.0@sha256:da8a98d542b2032cc12590847179577b0208a52bb3b9aa9a07c08d27d2a1714c,1513
    pantry-tree:
      sha256: d0e08875907c0fbff71813747fd93ce7bfd4e3d4a6b979df5c137430a9130f1d
      size: 1188
  original:
    hackage: http-semantics-0.4.0
- completed:
    hackage: http2-5.4.0@sha256:2e5e41a4e8a91e7fcf06b02dcd56dd38283edf785607637ec11d7035965e5e23,11047
    pantry-tree:
      sha256: 181856c66e3db92685af3797ceb635f679cd444a300c1f0d0167a37a604b24f4
      size: 44864
  original:
    hackage: http2-5.4.0
- completed:
    hackage: http3-0.0.22@sha256:fec94c18449a9f82a7ca79f511fc1ab106f10014cd4f80590b1f6461a7e2c798,5040
    pantry-tree:
      sha256: 16653cd8842f74c9dfa74d1237b90da7573d53ad1c005d8756a7ac72306dedbf
      size: 52525
  original:
    hackage: http3-0.0.22
- completed:
    hackage: mwc-random-0.15.2.0@sha256:89d49395d04df402d33550e4083438e7e26adb0db9130f8f985cc196dc19bb80,4533
    pantry-tree:
      sha256: d97c152327ca34a4d71c610a1b071cacd98bdbedb90d70e7c93161127f6d82af
      size: 899
  original:
    hackage: mwc-random-0.15.2.0
- completed:
    hackage: network-3.2.1.0@sha256:6f6f5a1603cbfdd3f06d1c3571416711d795799160207ac0a6ebdce4490b2c6d,5265
    pantry-tree:
      sha256: 6af2f63503ac61e03ad80398ee2770934a604877f650b72eb60ccebfef5a5389
      size: 3977
  original:
    hackage: network-3.2.1.0
- completed:
    hackage: network-control-0.1.7@sha256:bfe3318c5cf6573dd585b126ec1197eae291a9a6df178006bf19da5c8aa14d68,1255
    pantry-tree:
      sha256: 6deb24c404f6e592be1f391f04c97f66169f97cacb0dd37403a6aa1e781846ef
      size: 619
  original:
    hackage: network-control-0.1.7
- completed:
    hackage: os-string-2.0.8@sha256:d8b0f9cc3c7efb14c9924699322c8f151f30a65e8845bdf53bd344af47452344,3298
    pantry-tree:
      sha256: 08d9ae91b86c500fc357f6be231fd8faf372525406e9fd7122c9bdd7aefcfaa6
      size: 2295
  original:
    hackage: os-string-2.0.8
- completed:
    hackage: quic-0.2.5@sha256:9d98bb355b8b36e3cd7ca547302481052dc380232749669fb42875d7b3b3bc31,6937
    pantry-tree:
      sha256: 665270022d18892615b45c774c46341efa4ae0a8a5e0e7ec5a32f62fad0cc8e6
      size: 7623
  original:
    hackage: quic-0.2.5
- completed:
    hackage: random-1.2.1.3@sha256:117541ba0a177397a3333f94870f789ef050dca31b0688a19824b2bc401b8823,6237
    pantry-tree:
      sha256: 79fdbb95ca2d108acb7b01903dbe288008cecbdc558105b7fdc095bfff7f3e09
      size: 1528
  original:
    hackage: random-1.2.1.3
- completed:
    hackage: sockaddr-0.0.1@sha256:509bebd377a2f3649d27ad1d40afedf76169883644475497b22d308ed79b27c9,789
    pantry-tree:
      sha256: 07fd469a73c8f74a7108264f5dd52d7bee87d830c4aec1ba3d8e0f3dbafbccf4
      size: 165
  original:
    hackage: sockaddr-0.0.1
- completed:
    hackage: tls-2.1.6@sha256:fcc48f37d5f874bb6d6a34d5e5628a19d2015d4d40da3f8a7a064a8b485752ff,6198
    pantry-tree:
      sha256: 9a5313c9bf03c0a3f99d7e2267f10b66c5ac32f7c7122f723b67de34858202d6
      size: 6927
  original:
    hackage: tls-2.1.6
- completed:
    hackage: tls-session-manager-0.0.7@sha256:226ed31894cbb612d7cfb438449a05067d99e584d3c0dd7a727f5d42dcb3379a,1191
    pantry-tree:
      sha256: bee0d1986618b3ee7d90b5cca234157918d1aef3bc5ca5fb3dd67616df7fd268
      size: 416
  original:
    hackage: tls-session-manager-0.0.7
- completed:
    hackage: unix-time-0.4.16@sha256:f6632716ba00c3face87818446c6e5cc53b2dd1c866b050598f8c6b73c9e48ba,2027
    pantry-tree:
      sha256: 182d4c2aec428f0ba216cb85363e492cefd6187e930633e6c8dba171a152c36b
      size: 1069
  original:
    hackage: unix-time-0.4.16
- completed:
    hackage: uuid-types-1.0.6@sha256:5ac2b681a8d7676f6a51ac1b113bfdcf18dd7fdbb313034850ed6493eef96da0,2619
    pantry-tree:
      sha256: 26843e0b54dd31c81614d7038da25777868156125410f7577a1afc1a4c2140a5
      size: 480
  original:
    hackage: uuid-types-1.0.6
- completed:
    hackage: websockets-0.13.0.0@sha256:eaf0ec6b390c6ef6627534e897b733151aae75c9b441b28754011359cfffa75b,7815
    pantry-tree:
      sha256: 92cc207bb65ec2b4af42ae1cb851144340b728918983e9d0033a33f361c9b34f
      size: 2736
  original:
    hackage: websockets-0.13.0.0
- completed:
    hackage: zlib-0.7.1.0@sha256:85e64a75c0b490506a7edaa2d54950c668e66b65758bb08bb14cd31faf53a206,5357
    pantry-tree:
      sha256: 2fe987bd42dbe601fdbdb20d0027eda1dc7e7d1894a0a717d4e2321509ef407d
      size: 1519
  original:
    hackage: zlib-0.7.1.0
- completed:
    hackage: zlib-clib-1.3.1@sha256:df08fd02b04d81e3dd8ca914acb4a6421ff9b35ebaecf109dd842cef7ab23d0c,1712
    pantry-tree:
      sha256: c44db9843361909e63423ea172153553749d145b80d0b86dec3befcce72b515a
      size: 1434
  original:
    hackage: zlib-clib-1.3.1
snapshots:
- completed:
    sha256: a81fb3877c4f9031e1325eb3935122e608d80715dc16b586eb11ddbff8671ecd
    size: 640086
    url: https://raw.githubusercontent.com/commercialhaskell/stackage-snapshots/master/lts/21/25.yaml
  original: lts-21.25
