# This file was autogenerated by Stack.
# You should not edit this file by hand.
# For more information, please see the documentation at:
#   https://docs.haskellstack.org/en/stable/topics/lock_files

packages:
- completed:
    hackage: crypton-1.0.4@sha256:353391cc2cc583cf5e44c35c46b7a548a218037f2249c40a9712e00d7c46580c,14513
    pantry-tree:
      sha256: 275775d597bdde3cc1be614eb868ffc94a437f66e6e0ba964171035581d921d0
      size: 23346
  original:
    hackage: crypton-1.0.4
- completed:
    hackage: crypto-token-0.1.2@sha256:fab96a6eadcc9847b3ea56c51eb905faa948ffb20a648aae03fef52a15a8c8b9,1293
    pantry-tree:
      sha256: 01751671fde511f0e69b6a612e55048a4959f8c55e4ce41089b407a169b180f8
      size: 320
  original:
    hackage: crypto-token-0.1.2
- completed:
    hackage: crypton-x509-store-1.6.11@sha256:a63ac57598a448b302672e1ccabd3fc44c15723b27453121e562ca7853d79209,1825
    pantry-tree:
      sha256: 8255eea18005d3d73bb638c66953b92b288de996868802b26a58111c3729f91a
      size: 406
  original:
    hackage: crypton-x509-store-1.6.11
- completed:
    hackage: crypton-x509-validation-1.6.13@sha256:515ac86a434527fde24af611fa7d690eee7c7f06b27a6d48337b7552caa215c1,2310
    pantry-tree:
      sha256: 4d369d88c6ca7b58952f84678fe45a25715f5e413f21ebbf132b7ac07203c643
      size: 639
  original:
    hackage: crypton-x509-validation-1.6.13
- completed:
    hackage: ech-config-0.0.1@sha256:2b3eaf49d7b94bd4abdbdc1725419f1167dffe3e771a324fb0a55f438cd105cd,1388
    pantry-tree:
      sha256: 8e9dc0e9495fdb6513a13a23150dcceda38c4afbdeb3d81c504155ce88293b17
      size: 283
  original:
    hackage: ech-config-0.0.1
- completed:
    hackage: hpke-0.0.0@sha256:d04ff5eb9cdb9385ed9ad9db7e05ddf457af37cedaa3cee83f58c93e0d16364d,1882
    pantry-tree:
      sha256: b33e3243a47f913d9737997f7b0d16d64cc6c4815aa26268f0c66688e8b25070
      size: 1320
  original:
    hackage: hpke-0.0.0
- completed:
    hackage: http-semantics-0.4.0@sha256:da8a98d542b2032cc12590847179577b0208a52bb3b9aa9a07c08d27d2a1714c,1513
    pantry-tree:
      sha256: d0e08875907c0fbff71813747fd93ce7bfd4e3d4a6b979df5c137430a9130f1d
      size: 1188
  original:
    hackage: http-semantics-0.4.0
- completed:
    hackage: http2-5.4.0@sha256:2e5e41a4e8a91e7fcf06b02dcd56dd38283edf785607637ec11d7035965e5e23,11047
    pantry-tree:
      sha256: 181856c66e3db92685af3797ceb635f679cd444a300c1f0d0167a37a604b24f4
      size: 44864
  original:
    hackage: http2-5.4.0
- completed:
    hackage: http3-0.1.2@sha256:5989078df80fd1f0816899937df3fb0633c529e3fba9d1296d3116030623f855,6071
    pantry-tree:
      sha256: d507d2cfb3b1f937e7b8237e88a49ba7d77fa38571bd2ed68ecd4b12d8c75858
      size: 52542
  original:
    hackage: http3-0.1.2
- completed:
    hackage: network-3.2.7.0@sha256:e3a1ec8b8dd32f1d5a541679a67de60d6626487a95f20c6bc245268ae7142ab7,5305
    pantry-tree:
      sha256: a6b96da036a806119e17bd90ab2ef499778cf727531e22f3274ae9970ea630cf
      size: 4039
  original:
    hackage: network-3.2.7.0
- completed:
    hackage: network-control-0.1.7@sha256:bfe3318c5cf6573dd585b126ec1197eae291a9a6df178006bf19da5c8aa14d68,1255
    pantry-tree:
      sha256: 6deb24c404f6e592be1f391f04c97f66169f97cacb0dd37403a6aa1e781846ef
      size: 619
  original:
    hackage: network-control-0.1.7
- completed:
    hackage: network-udp-0.0.0@sha256:408d2d4fa1a25e49e95752ee124cca641993404bb133ae10fb81daef22d876ae,1075
    pantry-tree:
      sha256: ee19a66c9d420861c5cc1dfad3210e2a53cdc6088ff3dd90b44f7961f5caebee
      size: 284
  original:
    hackage: network-udp-0.0.0
- completed:
    hackage: quic-0.2.21@sha256:8396c2d0beecc94c7cf981bdfc225f5d78883463c6f9ede04acb40f4013f146b,7116
    pantry-tree:
      sha256: 40ddd2f9911a031e0e499d3193e90df2b50d4c6ece7a8ffd7d9f525971845c8b
      size: 7682
  original:
    hackage: quic-0.2.21
- completed:
    hackage: random-1.3.1@sha256:0b4f649c3e78713b2ccad1535251ee34b148237fb2229d7058c2b1d9ccc324b8,6004
    pantry-tree:
      sha256: 9e92209c00b0c00b7d1c503e15a27b67b74ac2e3b48269a9255893b06de6836c
      size: 1667
  original:
    hackage: random-1.3.1
- completed:
    hackage: sockaddr-0.0.1@sha256:509bebd377a2f3649d27ad1d40afedf76169883644475497b22d308ed79b27c9,789
    pantry-tree:
      sha256: 07fd469a73c8f74a7108264f5dd52d7bee87d830c4aec1ba3d8e0f3dbafbccf4
      size: 165
  original:
    hackage: sockaddr-0.0.1
- completed:
    hackage: tls-2.1.11@sha256:d028093c404c3be7d1ff1158f7887316be05f8bac3411d5c106847e8822517b2,6408
    pantry-tree:
      sha256: 1d09fbfcba62c5f292ecc4c8ec60e59d27c05ce80957173eef91dadba6d2ec50
      size: 6991
  original:
    hackage: tls-2.1.11
- completed:
    hackage: tls-session-manager-0.0.7@sha256:226ed31894cbb612d7cfb438449a05067d99e584d3c0dd7a727f5d42dcb3379a,1191
    pantry-tree:
      sha256: bee0d1986618b3ee7d90b5cca234157918d1aef3bc5ca5fb3dd67616df7fd268
      size: 416
  original:
    hackage: tls-session-manager-0.0.7
- completed:
    hackage: uuid-types-1.0.6@sha256:5ac2b681a8d7676f6a51ac1b113bfdcf18dd7fdbb313034850ed6493eef96da0,2619
    pantry-tree:
      sha256: 26843e0b54dd31c81614d7038da25777868156125410f7577a1afc1a4c2140a5
      size: 480
  original:
    hackage: uuid-types-1.0.6
- completed:
    hackage: websockets-0.13.0.0@sha256:eaf0ec6b390c6ef6627534e897b733151aae75c9b441b28754011359cfffa75b,7815
    pantry-tree:
      sha256: 92cc207bb65ec2b4af42ae1cb851144340b728918983e9d0033a33f361c9b34f
      size: 2736
  original:
    hackage: websockets-0.13.0.0
- completed:
    hackage: zlib-0.7.1.0@sha256:85e64a75c0b490506a7edaa2d54950c668e66b65758bb08bb14cd31faf53a206,5357
    pantry-tree:
      sha256: 2fe987bd42dbe601fdbdb20d0027eda1dc7e7d1894a0a717d4e2321509ef407d
      size: 1519
  original:
    hackage: zlib-0.7.1.0
- completed:
    hackage: zlib-clib-1.3.1@sha256:df08fd02b04d81e3dd8ca914acb4a6421ff9b35ebaecf109dd842cef7ab23d0c,1712
    pantry-tree:
      sha256: c44db9843361909e63423ea172153553749d145b80d0b86dec3befcce72b515a
      size: 1434
  original:
    hackage: zlib-clib-1.3.1
snapshots:
- completed:
    sha256: 08bd13ce621b41a8f5e51456b38d5b46d7783ce114a50ab604d6bbab0d002146
    size: 720271
    url: https://raw.githubusercontent.com/commercialhaskell/stackage-snapshots/master/lts/22/43.yaml
  original: lts-22.43
