# This file was autogenerated by Stack.
# You should not edit this file by hand.
# For more information, please see the documentation at:
#   https://docs.haskellstack.org/en/stable/topics/lock_files

packages:
- completed:
    hackage: crypto-token-0.2.0@sha256:9b71882992548e489c0c176d1cd94025dc9fb91eafb49d2c50e53dd41aba06bb,1238
    pantry-tree:
      sha256: 92f270726426e2be3f3b01cb576bb8f13ebe38a749fe4493d9afb05e6e72a87f
      size: 320
  original:
    hackage: crypto-token-0.2.0
- completed:
    hackage: crypton-asn1-encoding-0.10.0@sha256:45494a1723a047a815d0d620481c1028dca28a4ea5cf2554868687da90753961,2497
    pantry-tree:
      sha256: c2ff6c426e6910075a971ee2801d200c8dc0f88cfcb8619534097902e6e655a8
      size: 1011
  original:
    hackage: crypton-asn1-encoding-0.10.0
- completed:
    hackage: crypton-asn1-parse-0.10.0@sha256:4a2cfc4980957d1a279ef69137ee5f665c247ccd8bb962812d5b071d543893fb,1359
    pantry-tree:
      sha256: c78bd2c09da1390c124cff07844ddb99778a8cff82df98c5d53b52adb04dfef9
      size: 326
  original:
    hackage: crypton-asn1-parse-0.10.0
- completed:
    hackage: crypton-asn1-types-0.4.1@sha256:02f3ec473011b3da92f7bf738bea19cadf88a6470b25a6cb5042216c7549c912,1326
    pantry-tree:
      sha256: 03e810ce724980eacfd49ed816d769ae74769f3941d8cc3c9067de4a896eedf2
      size: 722
  original:
    hackage: crypton-asn1-types-0.4.1
- completed:
    hackage: crypton-1.1.3@sha256:5620494924efcd1f8b4694a108fef2999610c68fce01a3a55ce1e7544363300d,15142
    pantry-tree:
      sha256: b2936ca4bf4eed202ce68bf58228cc390ef1779d021ae48e9c9e1058346a102c
      size: 23413
  original:
    hackage: crypton-1.1.3
- completed:
    hackage: crypton-x509-1.9.1@sha256:6ed60424bd0664695db63cfda2052172bf6842b560dfb6f48478448c6f39ec65,2010
    pantry-tree:
      sha256: 6d22024e664c8d098a4fb3799290c44985de667e16bbf43f2916becea7478dd7
      size: 1132
  original:
    hackage: crypton-x509-1.9.1
- completed:
    hackage: crypton-x509-store-1.9.0@sha256:9746160b993c24c175e560e27051dfe4616c6413014712776f1297e2ca8bba8a,1700
    pantry-tree:
      sha256: 52bdc316b066536be88adc53b141f52e292c074a79d72bf57688cd78fc463871
      size: 458
  original:
    hackage: crypton-x509-store-1.9.0
- completed:
    hackage: crypton-x509-system-1.9.0@sha256:ccdc92bf98d7693c63dc680ff665b6487a28a701003dbee6695a6dbd38244392,1539
    pantry-tree:
      sha256: ff147d414b88b2ed368ad2d28167ba3126cd180aa2932555563e7a089d807775
      size: 512
  original:
    hackage: crypton-x509-system-1.9.0
- completed:
    hackage: crypton-x509-validation-1.9.0@sha256:dd0b5b88eaf8aaf3675e7cf7f7c062822be349561dcff25d1266b8ade7364233,2030
    pantry-tree:
      sha256: 8ba5e5159e3746bdf8319b7a82de13d815575ed6b01f5ea3ea7c6ccd15abbb9b
      size: 691
  original:
    hackage: crypton-x509-validation-1.9.0
- completed:
    hackage: hpke-0.1.0@sha256:fb107670a0aeb91b4626e0b1dff4e7ec3342e48931cc994938d95af1a23f645d,1801
    pantry-tree:
      sha256: 9bb04f6d3456c81ac18fa50815c128cef8f86b5676f08af4037930e0fbd7cf76
      size: 1320
  original:
    hackage: hpke-0.1.0
- completed:
    hackage: http-semantics-0.4.0@sha256:da8a98d542b2032cc12590847179577b0208a52bb3b9aa9a07c08d27d2a1714c,1513
    pantry-tree:
      sha256: d0e08875907c0fbff71813747fd93ce7bfd4e3d4a6b979df5c137430a9130f1d
      size: 1188
  original:
    hackage: http-semantics-0.4.0
- completed:
    hackage: http2-5.4.0@sha256:2e5e41a4e8a91e7fcf06b02dcd56dd38283edf785607637ec11d7035965e5e23,11047
    pantry-tree:
      sha256: 181856c66e3db92685af3797ceb635f679cd444a300c1f0d0167a37a604b24f4
      size: 44864
  original:
    hackage: http2-5.4.0
- completed:
    hackage: http3-0.1.3@sha256:8c024d32839b0041088c44d4b1f7c2d7d4b5a3a845873d169c65fd0ac9e550b5,6068
    pantry-tree:
      sha256: f1759da4b273e427d234aa27b0eec6c9060a54cb9cf4c15dca40c1a29618dc9b
      size: 52542
  original:
    hackage: http3-0.1.3
- completed:
    hackage: mlkem-0.2.2.0@sha256:c16cb61190e915593767e716dd08957607f6045a01d7c3a1313fbd74eb31c75d,4759
    pantry-tree:
      sha256: 298f091aa073627626cea668774160a8af1b42771d4f00069a60239f4704d465
      size: 1777
  original:
    hackage: mlkem-0.2.2.0
- completed:
    hackage: network-3.2.9.0@sha256:48a0c4f91e460f892c629b76c9410336a978e9b58aa87c678aee587b4ca37698,5305
    pantry-tree:
      sha256: b88e26eb8d6a77c8bfe9cc4eb5576dbae6f9eaaddfcb23823e4910e6da9058a3
      size: 4039
  original:
    hackage: network-3.2.9.0
- completed:
    hackage: quic-0.3.2@sha256:2b21fba5ae2fe81f5ffee4fc3171d79c29d3023edf85aa5ce61df5e074205d6d,7658
    pantry-tree:
      sha256: fbc3f3a63e2f3460fb7c8a83f5ce6958f70e35780f3bd01d8f1a78d8e062704a
      size: 7744
  original:
    hackage: quic-0.3.2
- completed:
    hackage: ram-0.22.0@sha256:f6ce64a025929eb6ce42deeb80d072960a9ea2d83b9b9b28de668cc2b623127c,2814
    pantry-tree:
      sha256: 701a4505989d85ba17aabe4695bc63eabffbbb61fc6af195c63e526d77181f83
      size: 2285
  original:
    hackage: ram-0.22.0
- completed:
    hackage: sockaddr-0.0.1@sha256:509bebd377a2f3649d27ad1d40afedf76169883644475497b22d308ed79b27c9,789
    pantry-tree:
      sha256: 07fd469a73c8f74a7108264f5dd52d7bee87d830c4aec1ba3d8e0f3dbafbccf4
      size: 165
  original:
    hackage: sockaddr-0.0.1
- completed:
    hackage: time-hourglass-0.3.0@sha256:ee02356fe24919ec43ae17fc0007398c2fd0bbe822833b2d7a9c849537b90580,3114
    pantry-tree:
      sha256: 7d6acc1a643fe8692d1858c96cc04a417b8da53e53b6bdba6fe0ce6aa6aba774
      size: 1594
  original:
    hackage: time-hourglass-0.3.0
- completed:
    hackage: tls-2.4.3@sha256:b69bad4c980463bebe216e3b1f88443884daff19878e2fec45661358abdbe6e8,7391
    pantry-tree:
      sha256: 931c12273944f13ba91c9043630bf43d6653949154ffbc081f4e3bf3311c76f7
      size: 7127
  original:
    hackage: tls-2.4.3
- completed:
    hackage: tls-session-manager-0.1.0@sha256:d5ba36a5d811da59fc668922bda0722dbc04e35e3ecf9976e43fda8f1dd854d4,1130
    pantry-tree:
      sha256: 37920db7a590c53a75ecdfd751755e5ec6630ba47cf1060b2abeca645d27f6b5
      size: 416
  original:
    hackage: tls-session-manager-0.1.0
snapshots:
- completed:
    sha256: 3286bb954fe0e7e0291ca61fac01a689b7165da9d7e8ba3c3a045be989c860fd
    size: 732677
    url: https://raw.githubusercontent.com/commercialhaskell/stackage-snapshots/master/lts/24/48.yaml
  original: lts-24.48
